lockfileVersion: '9.0'

settings:
  autoInstallPeers: true
  excludeLinksFromLockfile: false

importers:

  .:
    devDependencies:
      typescript:
        specifier: ^6
        version: 6.0.2

  packages/audit: {}

  packages/computed:
    dependencies:
      '@efesto-cloud/observable':
        specifier: workspace:*
        version: link:../observable
      '@efesto-cloud/publisher':
        specifier: workspace:*
        version: link:../publisher

  packages/entity: {}

  packages/env: {}

  packages/login_session: {}

  packages/maybe:
    dependencies:
      '@efesto-cloud/result':
        specifier: workspace:*
        version: link:../result

  packages/observable:
    dependencies:
      '@efesto-cloud/publisher':
        specifier: workspace:*
        version: link:../publisher

  packages/outbox: {}

  packages/population: {}

  packages/publisher: {}

  packages/result:
    dependencies:
      zod:
        specifier: ^4
        version: 4.3.6

  packages/usecase: {}

packages:

  typescript@6.0.2:
    resolution: {integrity: sha512-bGdAIrZ0wiGDo5l8c++HWtbaNCWTS4UTv7RaTH/ThVIgjkveJt83m74bBHMJkuCbslY8ixgLBVZJIOiQlQTjfQ==}
    engines: {node: '>=14.17'}
    hasBin: true

  zod@4.3.6:
    resolution: {integrity: sha512-rftlrkhHZOcjDwkGlnUtZZkvaPHCsDATp4pGpuOOMDaTdDDXF91wuVDJoWoPsKX/3YPQ5fHuF3STjcYyKr+Qhg==}

snapshots:

  typescript@6.0.2: {}

  zod@4.3.6: {}
